// !$*UTF8*$!
{
	archiveVersion = 1;
	classes = {
	};
	objectVersion = 55;
	objects = {

/* Begin PBXBuildFile section */
		819DBE6D27E15F0100030614 /* AppDelegate.swift in Sources */ = {isa = PBXBuildFile; fileRef = 819DBE6C27E15F0100030614 /* AppDelegate.swift */; };
		819DBE6F27E15F0100030614 /* SceneDelegate.swift in Sources */ = {isa = PBXBuildFile; fileRef = 819DBE6E27E15F0100030614 /* SceneDelegate.swift */; };
		819DBE7127E15F0100030614 /* ViewController.swift in Sources */ = {isa = PBXBuildFile; fileRef = 819DBE7027E15F0100030614 /* ViewController.swift */; };
		819DBE7627E15F0100030614 /* Assets.xcassets in Resources */ = {isa = PBXBuildFile; fileRef = 819DBE7527E15F0100030614 /* Assets.xcassets */; };
		819DBE7927E15F0100030614 /* LaunchScreen.storyboard in Resources */ = {isa = PBXBuildFile; fileRef = 819DBE7727E15F0100030614 /* LaunchScreen.storyboard */; };
		819DBE8127E165F100030614 /* RandomWordView.swift in Sources */ = {isa = PBXBuildFile; fileRef = 819DBE8027E165F100030614 /* RandomWordView.swift */; };
		819DBE8B27E4031700030614 /* Sora-Bold.ttf in Resources */ = {isa = PBXBuildFile; fileRef = 819DBE8527E4030800030614 /* Sora-Bold.ttf */; };
		819DBE8C27E4031700030614 /* Sora-Regular.ttf in Resources */ = {isa = PBXBuildFile; fileRef = 819DBE8627E4030800030614 /* Sora-Regular.ttf */; };
		819DBE8D27E4031700030614 /* Sora-Light.ttf in Resources */ = {isa = PBXBuildFile; fileRef = 819DBE8927E4030800030614 /* Sora-Light.ttf */; };
		819DBE8E27E4031700030614 /* Sora-Thin.ttf in Resources */ = {isa = PBXBuildFile; fileRef = 819DBE8727E4030800030614 /* Sora-Thin.ttf */; };
		819DBE8F27E4031700030614 /* Sora-ExtraLight.ttf in Resources */ = {isa = PBXBuildFile; fileRef = 819DBE8327E4030800030614 /* Sora-ExtraLight.ttf */; };
		819DBE9027E4031700030614 /* Sora-ExtraBold.ttf in Resources */ = {isa = PBXBuildFile; fileRef = 819DBE8A27E4030800030614 /* Sora-ExtraBold.ttf */; };
		819DBE9127E4031700030614 /* Sora-Medium.ttf in Resources */ = {isa = PBXBuildFile; fileRef = 819DBE8827E4030800030614 /* Sora-Medium.ttf */; };
		819DBE9227E4031700030614 /* Sora-SemiBold.ttf in Resources */ = {isa = PBXBuildFile; fileRef = 819DBE8427E4030800030614 /* Sora-SemiBold.ttf */; };
		819DBE9427E535FD00030614 /* Word.swift in Sources */ = {isa = PBXBuildFile; fileRef = 819DBE9327E535FD00030614 /* Word.swift */; };
		819DBE9627E626B300030614 /* RefreshButton.swift in Sources */ = {isa = PBXBuildFile; fileRef = 819DBE9527E626B300030614 /* RefreshButton.swift */; };
/* End PBXBuildFile section */

/* Begin PBXFileReference section */
		819DBE6927E15F0100030614 /* WerddApp-ArielleDOM.app */ = {isa = PBXFileReference; explicitFileType = wrapper.application; includeInIndex = 0; path = "WerddApp-ArielleDOM.app"; sourceTree = BUILT_PRODUCTS_DIR; };
		819DBE6C27E15F0100030614 /* AppDelegate.swift */ = {isa = PBXFileReference; lastKnownFileType = sourcecode.swift; path = AppDelegate.swift; sourceTree = "<group>"; };
		819DBE6E27E15F0100030614 /* SceneDelegate.swift */ = {isa = PBXFileReference; lastKnownFileType = sourcecode.swift; path = SceneDelegate.swift; sourceTree = "<group>"; };
		819DBE7027E15F0100030614 /* ViewController.swift */ = {isa = PBXFileReference; lastKnownFileType = sourcecode.swift; path = ViewController.swift; sourceTree = "<group>"; };
		819DBE7527E15F0100030614 /* Assets.xcassets */ = {isa = PBXFileReference; lastKnownFileType = folder.assetcatalog; path = Assets.xcassets; sourceTree = "<group>"; };
		819DBE7827E15F0100030614 /* Base */ = {isa = PBXFileReference; lastKnownFileType = file.storyboard; name = Base; path = Base.lproj/LaunchScreen.storyboard; sourceTree = "<group>"; };
		819DBE7A27E15F0100030614 /* Info.plist */ = {isa = PBXFileReference; lastKnownFileType = text.plist.xml; path = Info.plist; sourceTree = "<group>"; };
		819DBE8027E165F100030614 /* RandomWordView.swift */ = {isa = PBXFileReference; lastKnownFileType = sourcecode.swift; path = RandomWordView.swift; sourceTree = "<group>"; };
		819DBE8327E4030800030614 /* Sora-ExtraLight.ttf */ = {isa = PBXFileReference; lastKnownFileType = file; name = "Sora-ExtraLight.ttf"; path = "../../../../../Downloads/Sora/static/Sora-ExtraLight.ttf"; sourceTree = "<group>"; };
		819DBE8427E4030800030614 /* Sora-SemiBold.ttf */ = {isa = PBXFileReference; lastKnownFileType = file; name = "Sora-SemiBold.ttf"; path = "../../../../../Downloads/Sora/static/Sora-SemiBold.ttf"; sourceTree = "<group>"; };
		819DBE8527E4030800030614 /* Sora-Bold.ttf */ = {isa = PBXFileReference; lastKnownFileType = file; name = "Sora-Bold.ttf"; path = "../../../../../Downloads/Sora/static/Sora-Bold.ttf"; sourceTree = "<group>"; };
		819DBE8627E4030800030614 /* Sora-Regular.ttf */ = {isa = PBXFileReference; lastKnownFileType = file; name = "Sora-Regular.ttf"; path = "../../../../../Downloads/Sora/static/Sora-Regular.ttf"; sourceTree = "<group>"; };
		819DBE8727E4030800030614 /* Sora-Thin.ttf */ = {isa = PBXFileReference; lastKnownFileType = file; name = "Sora-Thin.ttf"; path = "../../../../../Downloads/Sora/static/Sora-Thin.ttf"; sourceTree = "<group>"; };
		819DBE8827E4030800030614 /* Sora-Medium.ttf */ = {isa = PBXFileReference; lastKnownFileType = file; name = "Sora-Medium.ttf"; path = "../../../../../Downloads/Sora/static/Sora-Medium.ttf"; sourceTree = "<group>"; };
		819DBE8927E4030800030614 /* Sora-Light.ttf */ = {isa = PBXFileReference; lastKnownFileType = file; name = "Sora-Light.ttf"; path = "../../../../../Downloads/Sora/static/Sora-Light.ttf"; sourceTree = "<group>"; };
		819DBE8A27E4030800030614 /* Sora-ExtraBold.ttf */ = {isa = PBXFileReference; lastKnownFileType = file; name = "Sora-ExtraBold.ttf"; path = "../../../../../Downloads/Sora/static/Sora-ExtraBold.ttf"; sourceTree = "<group>"; };
		819DBE9327E535FD00030614 /* Word.swift */ = {isa = PBXFileReference; lastKnownFileType = sourcecode.swift; path = Word.swift; sourceTree = "<group>"; };
		819DBE9527E626B300030614 /* RefreshButton.swift */ = {isa = PBXFileReference; lastKnownFileType = sourcecode.swift; path = RefreshButton.swift; sourceTree = "<group>"; };
/* End PBXFileReference section */

/* Begin PBXFrameworksBuildPhase section */
		819DBE6627E15F0100030614 /* Frameworks */ = {
			isa = PBXFrameworksBuildPhase;
			buildActionMask = 2147483647;
			files = (
			);
			runOnlyForDeploymentPostprocessing = 0;
		};
/* End PBXFrameworksBuildPhase section */

/* Begin PBXGroup section */
		819DBE6027E15F0100030614 = {
			isa = PBXGroup;
			children = (
				819DBE6B27E15F0100030614 /* WerddApp-ArielleDOM */,
				819DBE6A27E15F0100030614 /* Products */,
			);
			sourceTree = "<group>";
		};
		819DBE6A27E15F0100030614 /* Products */ = {
			isa = PBXGroup;
			children = (
				819DBE6927E15F0100030614 /* WerddApp-ArielleDOM.app */,
			);
			name = Products;
			sourceTree = "<group>";
		};
		819DBE6B27E15F0100030614 /* WerddApp-ArielleDOM */ = {
			isa = PBXGroup;
			children = (
				819DBE8227E402F300030614 /* Sora */,
				819DBE6C27E15F0100030614 /* AppDelegate.swift */,
				819DBE6E27E15F0100030614 /* SceneDelegate.swift */,
				819DBE7027E15F0100030614 /* ViewController.swift */,
				819DBE8027E165F100030614 /* RandomWordView.swift */,
				819DBE9327E535FD00030614 /* Word.swift */,
				819DBE9527E626B300030614 /* RefreshButton.swift */,
				819DBE7527E15F0100030614 /* Assets.xcassets */,
				819DBE7727E15F0100030614 /* LaunchScreen.storyboard */,
				819DBE7A27E15F0100030614 /* Info.plist */,
			);
			path = "WerddApp-ArielleDOM";
			sourceTree = "<group>";
		};
		819DBE8227E402F300030614 /* Sora */ = {
			isa = PBXGroup;
			children = (
				819DBE8527E4030800030614 /* Sora-Bold.ttf */,
				819DBE8A27E4030800030614 /* Sora-ExtraBold.ttf */,
				819DBE8327E4030800030614 /* Sora-ExtraLight.ttf */,
				819DBE8927E4030800030614 /* Sora-Light.ttf */,
				819DBE8827E4030800030614 /* Sora-Medium.ttf */,
				819DBE8627E4030800030614 /* Sora-Regular.ttf */,
				819DBE8427E4030800030614 /* Sora-SemiBold.ttf */,
				819DBE8727E4030800030614 /* Sora-Thin.ttf */,
			);
			path = Sora;
			sourceTree = "<group>";
		};
/* End PBXGroup section */

/* Begin PBXNativeTarget section */
		819DBE6827E15F0100030614 /* WerddApp-ArielleDOM */ = {
			isa = PBXNativeTarget;
			buildConfigurationList = 819DBE7D27E15F0100030614 /* Build configuration list for PBXNativeTarget "WerddApp-ArielleDOM" */;
			buildPhases = (
				819DBE6527E15F0100030614 /* Sources */,
				819DBE6627E15F0100030614 /* Frameworks */,
				819DBE6727E15F0100030614 /* Resources */,
			);
			buildRules = (
			);
			dependencies = (
			);
			name = "WerddApp-ArielleDOM";
			productName = "WerddApp-ArielleDOM";
			productReference = 819DBE6927E15F0100030614 /* WerddApp-ArielleDOM.app */;
			productType = "com.apple.product-type.application";
		};
/* End PBXNativeTarget section */

/* Begin PBXProject section */
		819DBE6127E15F0100030614 /* Project object */ = {
			isa = PBXProject;
			attributes = {
				BuildIndependentTargetsInParallel = 1;
				LastSwiftUpdateCheck = 1320;
				LastUpgradeCheck = 1320;
				TargetAttributes = {
					819DBE6827E15F0100030614 = {
						CreatedOnToolsVersion = 13.2.1;
					};
				};
			};
			buildConfigurationList = 819DBE6427E15F0100030614 /* Build configuration list for PBXProject "WerddApp-ArielleDOM" */;
			compatibilityVersion = "Xcode 13.0";
			developmentRegion = en;
			hasScannedForEncodings = 0;
			knownRegions = (
				en,
				Base,
			);
			mainGroup = 819DBE6027E15F0100030614;
			productRefGroup = 819DBE6A27E15F0100030614 /* Products */;
			projectDirPath = "";
			projectRoot = "";
			targets = (
				819DBE6827E15F0100030614 /* WerddApp-ArielleDOM */,
			);
		};
/* End PBXProject section */

/* Begin PBXResourcesBuildPhase section */
		819DBE6727E15F0100030614 /* Resources */ = {
			isa = PBXResourcesBuildPhase;
			buildActionMask = 2147483647;
			files = (
				819DBE9127E4031700030614 /* Sora-Medium.ttf in Resources */,
				819DBE8C27E4031700030614 /* Sora-Regular.ttf in Resources */,
				819DBE7927E15F0100030614 /* LaunchScreen.storyboard in Resources */,
				819DBE8D27E4031700030614 /* Sora-Light.ttf in Resources */,
				819DBE9227E4031700030614 /* Sora-SemiBold.ttf in Resources */,
				819DBE8B27E4031700030614 /* Sora-Bold.ttf in Resources */,
				819DBE8E27E4031700030614 /* Sora-Thin.ttf in Resources */,
				819DBE9027E4031700030614 /* Sora-ExtraBold.ttf in Resources */,
				819DBE8F27E4031700030614 /* Sora-ExtraLight.ttf in Resources */,
				819DBE7627E15F0100030614 /* Assets.xcassets in Resources */,
			);
			runOnlyForDeploymentPostprocessing = 0;
		};
/* End PBXResourcesBuildPhase section */

/* Begin PBXSourcesBuildPhase section */
		819DBE6527E15F0100030614 /* Sources */ = {
			isa = PBXSourcesBuildPhase;
			buildActionMask = 2147483647;
			files = (
				819DBE7127E15F0100030614 /* ViewController.swift in Sources */,
				819DBE9627E626B300030614 /* RefreshButton.swift in Sources */,
				819DBE8127E165F100030614 /* RandomWordView.swift in Sources */,
				819DBE9427E535FD00030614 /* Word.swift in Sources */,
				819DBE6D27E15F0100030614 /* AppDelegate.swift in Sources */,
				819DBE6F27E15F0100030614 /* SceneDelegate.swift in Sources */,
			);
			runOnlyForDeploymentPostprocessing = 0;
		};
/* End PBXSourcesBuildPhase section */

/* Begin PBXVariantGroup section */
		819DBE7727E15F0100030614 /* LaunchScreen.storyboard */ = {
			isa = PBXVariantGroup;
			children = (
				819DBE7827E15F0100030614 /* Base */,
			);
			name = LaunchScreen.storyboard;
			sourceTree = "<group>";
		};
/* End PBXVariantGroup section */

/* Begin XCBuildConfiguration section */
		819DBE7B27E15F0100030614 /* Debug */ = {
			isa = XCBuildConfiguration;
			buildSettings = {
				ALWAYS_SEARCH_USER_PATHS = NO;
				CLANG_ANALYZER_NONNULL = YES;
				CLANG_ANALYZER_NUMBER_OBJECT_CONVERSION = YES_AGGRESSIVE;
				CLANG_CXX_LANGUAGE_STANDARD = "gnu++17";
				CLANG_CXX_LIBRARY = "libc++";
				CLANG_ENABLE_MODULES = YES;
				CLANG_ENABLE_OBJC_ARC = YES;
				CLANG_ENABLE_OBJC_WEAK = YES;
				CLANG_WARN_BLOCK_CAPTURE_AUTORELEASING = YES;
				CLANG_WARN_BOOL_CONVERSION = YES;
				CLANG_WARN_COMMA = YES;
				CLANG_WARN_CONSTANT_CONVERSION = YES;
				CLANG_WARN_DEPRECATED_OBJC_IMPLEMENTATIONS = YES;
				CLANG_WARN_DIRECT_OBJC_ISA_USAGE = YES_ERROR;
				CLANG_WARN_DOCUMENTATION_COMMENTS = YES;
				CLANG_WARN_EMPTY_BODY = YES;
				CLANG_WARN_ENUM_CONVERSION = YES;
				CLANG_WARN_INFINITE_RECURSION = YES;
				CLANG_WARN_INT_CONVERSION = YES;
				CLANG_WARN_NON_LITERAL_NULL_CONVERSION = YES;
				CLANG_WARN_OBJC_IMPLICIT_RETAIN_SELF = YES;
				CLANG_WARN_OBJC_LITERAL_CONVERSION = YES;
				CLANG_WARN_OBJC_ROOT_CLASS = YES_ERROR;
				CLANG_WARN_QUOTED_INCLUDE_IN_FRAMEWORK_HEADER = YES;
				CLANG_WARN_RANGE_LOOP_ANALYSIS = YES;
				CLANG_WARN_STRICT_PROTOTYPES = YES;
				CLANG_WARN_SUSPICIOUS_MOVE = YES;
				CLANG_WARN_UNGUARDED_AVAILABILITY = YES_AGGRESSIVE;
				CLANG_WARN_UNREACHABLE_CODE = YES;
				CLANG_WARN__DUPLICATE_METHOD_MATCH = YES;
				COPY_PHASE_STRIP = NO;
				DEBUG_INFORMATION_FORMAT = dwarf;
				ENABLE_STRICT_OBJC_MSGSEND = YES;
				ENABLE_TESTABILITY = YES;
				GCC_C_LANGUAGE_STANDARD = gnu11;
				GCC_DYNAMIC_NO_PIC = NO;
				GCC_NO_COMMON_BLOCKS = YES;
				GCC_OPTIMIZATION_LEVEL = 0;
				GCC_PREPROCESSOR_DEFINITIONS = (
					"DEBUG=1",
					"$(inherited)",
				);
				GCC_WARN_64_TO_32_BIT_CONVERSION = YES;
				GCC_WARN_ABOUT_RETURN_TYPE = YES_ERROR;
				GCC_WARN_UNDECLARED_SELECTOR = YES;
				GCC_WARN_UNINITIALIZED_AUTOS = YES_AGGRESSIVE;
				GCC_WARN_UNUSED_FUNCTION = YES;
				GCC_WARN_UNUSED_VARIABLE = YES;
				IPHONEOS_DEPLOYMENT_TARGET = 15.2;
				MTL_ENABLE_DEBUG_INFO = INCLUDE_SOURCE;
				MTL_FAST_MATH = YES;
				ONLY_ACTIVE_ARCH = YES;
				SDKROOT = iphoneos;
				SWIFT_ACTIVE_COMPILATION_CONDITIONS = DEBUG;
				SWIFT_OPTIMIZATION_LEVEL = "-Onone";
			};
			name = Debug;
		};
		819DBE7C27E15F0100030614 /* Release */ = {
			isa = XCBuildConfiguration;
			buildSettings = {
				ALWAYS_SEARCH_USER_PATHS = NO;
				CLANG_ANALYZER_NONNULL = YES;
				CLANG_ANALYZER_NUMBER_OBJECT_CONVERSION = YES_AGGRESSIVE;
				CLANG_CXX_LANGUAGE_STANDARD = "gnu++17";
				CLANG_CXX_LIBRARY = "libc++";
				CLANG_ENABLE_MODULES = YES;
				CLANG_ENABLE_OBJC_ARC = YES;
				CLANG_ENABLE_OBJC_WEAK = YES;
				CLANG_WARN_BLOCK_CAPTURE_AUTORELEASING = YES;
				CLANG_WARN_BOOL_CONVERSION = YES;
				CLANG_WARN_COMMA = YES;
				CLANG_WARN_CONSTANT_CONVERSION = YES;
				CLANG_WARN_DEPRECATED_OBJC_IMPLEMENTATIONS = YES;
				CLANG_WARN_DIRECT_OBJC_ISA_USAGE = YES_ERROR;
				CLANG_WARN_DOCUMENTATION_COMMENTS = YES;
				CLANG_WARN_EMPTY_BODY = YES;
				CLANG_WARN_ENUM_CONVERSION = YES;
				CLANG_WARN_INFINITE_RECURSION = YES;
				CLANG_WARN_INT_CONVERSION = YES;
				CLANG_WARN_NON_LITERAL_NULL_CONVERSION = YES;
				CLANG_WARN_OBJC_IMPLICIT_RETAIN_SELF = YES;
				CLANG_WARN_OBJC_LITERAL_CONVERSION = YES;
				CLANG_WARN_OBJC_ROOT_CLASS = YES_ERROR;
				CLANG_WARN_QUOTED_INCLUDE_IN_FRAMEWORK_HEADER = YES;
				CLANG_WARN_RANGE_LOOP_ANALYSIS = YES;
				CLANG_WARN_STRICT_PROTOTYPES = YES;
				CLANG_WARN_SUSPICIOUS_MOVE = YES;
				CLANG_WARN_UNGUARDED_AVAILABILITY = YES_AGGRESSIVE;
				CLANG_WARN_UNREACHABLE_CODE = YES;
				CLANG_WARN__DUPLICATE_METHOD_MATCH = YES;
				COPY_PHASE_STRIP = NO;
				DEBUG_INFORMATION_FORMAT = "dwarf-with-dsym";
				ENABLE_NS_ASSERTIONS = NO;
				ENABLE_STRICT_OBJC_MSGSEND = YES;
				GCC_C_LANGUAGE_STANDARD = gnu11;
				GCC_NO_COMMON_BLOCKS = YES;
				GCC_WARN_64_TO_32_BIT_CONVERSION = YES;
				GCC_WARN_ABOUT_RETURN_TYPE = YES_ERROR;
				GCC_WARN_UNDECLARED_SELECTOR = YES;
				GCC_WARN_UNINITIALIZED_AUTOS = YES_AGGRESSIVE;
				GCC_WARN_UNUSED_FUNCTION = YES;
				GCC_WARN_UNUSED_VARIABLE = YES;
				IPHONEOS_DEPLOYMENT_TARGET = 15.2;
				MTL_ENABLE_DEBUG_INFO = NO;
				MTL_FAST_MATH = YES;
				SDKROOT = iphoneos;
				SWIFT_COMPILATION_MODE = wholemodule;
				SWIFT_OPTIMIZATION_LEVEL = "-O";
				VALIDATE_PRODUCT = YES;
			};
			name = Release;
		};
		819DBE7E27E15F0100030614 /* Debug */ = {
			isa = XCBuildConfiguration;
			buildSettings = {
				ASSETCATALOG_COMPILER_APPICON_NAME = AppIcon;
				ASSETCATALOG_COMPILER_GLOBAL_ACCENT_COLOR_NAME = AccentColor;
				CODE_SIGN_STYLE = Automatic;
				CURRENT_PROJECT_VERSION = 1;
				GENERATE_INFOPLIST_FILE = YES;
				INFOPLIST_FILE = "WerddApp-ArielleDOM/Info.plist";
				INFOPLIST_KEY_UIApplicationSupportsIndirectInputEvents = YES;
				INFOPLIST_KEY_UILaunchStoryboardName = LaunchScreen;
				INFOPLIST_KEY_UISupportedInterfaceOrientations_iPad = "UIInterfaceOrientationPortrait UIInterfaceOrientationPortraitUpsideDown UIInterfaceOrientationLandscapeLeft UIInterfaceOrientationLandscapeRight";
				INFOPLIST_KEY_UISupportedInterfaceOrientations_iPhone = "UIInterfaceOrientationPortrait UIInterfaceOrientationLandscapeLeft UIInterfaceOrientationLandscapeRight";
				LD_RUNPATH_SEARCH_PATHS = (
					"$(inherited)",
					"@executable_path/Frameworks",
				);
				MARKETING_VERSION = 1.0;
				PRODUCT_BUNDLE_IDENTIFIER = "com.arielle.WerddApp-ArielleDOM";
				PRODUCT_NAME = "$(TARGET_NAME)";
				SWIFT_EMIT_LOC_STRINGS = YES;
				SWIFT_VERSION = 5.0;
				TARGETED_DEVICE_FAMILY = "1,2";
			};
			name = Debug;
		};
		819DBE7F27E15F0100030614 /* Release */ = {
			isa = XCBuildConfiguration;
			buildSettings = {
				ASSETCATALOG_COMPILER_APPICON_NAME = AppIcon;
				ASSETCATALOG_COMPILER_GLOBAL_ACCENT_COLOR_NAME = AccentColor;
				CODE_SIGN_STYLE = Automatic;
				CURRENT_PROJECT_VERSION = 1;
				GENERATE_INFOPLIST_FILE = YES;
				INFOPLIST_FILE = "WerddApp-ArielleDOM/Info.plist";
				INFOPLIST_KEY_UIApplicationSupportsIndirectInputEvents = YES;
				INFOPLIST_KEY_UILaunchStoryboardName = LaunchScreen;
				INFOPLIST_KEY_UISupportedInterfaceOrientations_iPad = "UIInterfaceOrientationPortrait UIInterfaceOrientationPortraitUpsideDown UIInterfaceOrientationLandscapeLeft UIInterfaceOrientationLandscapeRight";
				INFOPLIST_KEY_UISupportedInterfaceOrientations_iPhone = "UIInterfaceOrientationPortrait UIInterfaceOrientationLandscapeLeft UIInterfaceOrientationLandscapeRight";
				LD_RUNPATH_SEARCH_PATHS = (
					"$(inherited)",
					"@executable_path/Frameworks",
				);
				MARKETING_VERSION = 1.0;
				PRODUCT_BUNDLE_IDENTIFIER = "com.arielle.WerddApp-ArielleDOM";
				PRODUCT_NAME = "$(TARGET_NAME)";
				SWIFT_EMIT_LOC_STRINGS = YES;
				SWIFT_VERSION = 5.0;
				TARGETED_DEVICE_FAMILY = "1,2";
			};
			name = Release;
		};
/* End XCBuildConfiguration section */

/* Begin XCConfigurationList section */
		819DBE6427E15F0100030614 /* Build configuration list for PBXProject "WerddApp-ArielleDOM" */ = {
			isa = XCConfigurationList;
			buildConfigurations = (
				819DBE7B27E15F0100030614 /* Debug */,
				819DBE7C27E15F0100030614 /* Release */,
			);
			defaultConfigurationIsVisible = 0;
			defaultConfigurationName = Release;
		};
		819DBE7D27E15F0100030614 /* Build configuration list for PBXNativeTarget "WerddApp-ArielleDOM" */ = {
			isa = XCConfigurationList;
			buildConfigurations = (
				819DBE7E27E15F0100030614 /* Debug */,
				819DBE7F27E15F0100030614 /* Release */,
			);
			defaultConfigurationIsVisible = 0;
			defaultConfigurationName = Release;
		};
/* End XCConfigurationList section */
	};
	rootObject = 819DBE6127E15F0100030614 /* Project object */;
}
